
Microsoft Visual Studio Solution File, Format Version 12.00
# Visual Studio Version 17
VisualStudioVersion = 17.3.32804.467
MinimumVisualStudioVersion = 10.0.40219.1
Project("{FAE04EC0-301F-11D3-BF4B-00C04F79EFBC}") = "Tuan1_Lab1_Hao", "Tuan1_Lab1_Hao\Tuan1_Lab1_Hao.csproj", "{8B8EBB3C-9D86-45CF-90A3-EB30B2F706A0}"
EndProject
Project("{FAE04EC0-301F-11D3-BF4B-00C04F79EFBC}") = "Tuan1_Lab1_BT4_Hao", "Tuan1_Lab1_BT4_Hao\Tuan1_Lab1_BT4_Hao.csproj", "{56AAA511-6B03-4E07-BE9D-86562218A24C}"
EndProject
Global
	GlobalSection(SolutionConfigurationPlatforms) = preSolution
		Debug|Any CPU = Debug|Any CPU
		Release|Any CPU = Release|Any CPU
	EndGlobalSection
	GlobalSection(ProjectConfigurationPlatforms) = postSolution
		{8B8EBB3C-9D86-45CF-90A3-EB30B2F706A0}.Debug|Any CPU.ActiveCfg = Debug|Any CPU
		{8B8EBB3C-9D86-45CF-90A3-EB30B2F706A0}.Debug|Any CPU.Build.0 = Debug|Any CPU
		{8B8EBB3C-9D86-45CF-90A3-EB30B2F706A0}.Release|Any CPU.ActiveCfg = Release|Any CPU
		{8B8EBB3C-9D86-45CF-90A3-EB30B2F706A0}.Release|Any CPU.Build.0 = Release|Any CPU
		{56AAA511-6B03-4E07-BE9D-86562218A24C}.Debug|Any CPU.ActiveCfg = Debug|Any CPU
		{56AAA511-6B03-4E07-BE9D-86562218A24C}.Debug|Any CPU.Build.0 = Debug|Any CPU
		{56AAA511-6B03-4E07-BE9D-86562218A24C}.Release|Any CPU.ActiveCfg = Release|Any CPU
		{56AAA511-6B03-4E07-BE9D-86562218A24C}.Release|Any CPU.Build.0 = Release|Any CPU
	EndGlobalSection
	GlobalSection(SolutionProperties) = preSolution
		HideSolutionNode = FALSE
	EndGlobalSection
	GlobalSection(ExtensibilityGlobals) = postSolution
		SolutionGuid = {BEB59B69-A68C-4FBA-B8F3-8374C26C0713}
	EndGlobalSection
EndGlobal
