
Microsoft Visual Studio Solution File, Format Version 12.00
# Visual Studio Version 17
VisualStudioVersion = 17.3.32804.467
MinimumVisualStudioVersion = 10.0.40219.1
Project("{FAE04EC0-301F-11D3-BF4B-00C04F79EFBC}") = "Tuan3_Lab4", "Tuan3_Lab4\Tuan3_Lab4.csproj", "{1BAD18F0-1846-4C37-84E7-9CF4EDC62BF2}"
EndProject
Global
	GlobalSection(SolutionConfigurationPlatforms) = preSolution
		Debug|Any CPU = Debug|Any CPU
		Release|Any CPU = Release|Any CPU
	EndGlobalSection
	GlobalSection(ProjectConfigurationPlatforms) = postSolution
		{1BAD18F0-1846-4C37-84E7-9CF4EDC62BF2}.Debug|Any CPU.ActiveCfg = Debug|Any CPU
		{1BAD18F0-1846-4C37-84E7-9CF4EDC62BF2}.Debug|Any CPU.Build.0 = Debug|Any CPU
		{1BAD18F0-1846-4C37-84E7-9CF4EDC62BF2}.Release|Any CPU.ActiveCfg = Release|Any CPU
		{1BAD18F0-1846-4C37-84E7-9CF4EDC62BF2}.Release|Any CPU.Build.0 = Release|Any CPU
	EndGlobalSection
	GlobalSection(SolutionProperties) = preSolution
		HideSolutionNode = FALSE
	EndGlobalSection
	GlobalSection(ExtensibilityGlobals) = postSolution
		SolutionGuid = {72C6C910-B5E6-48A5-A531-5FB566F1D6B3}
	EndGlobalSection
EndGlobal
